// !$*UTF8*$!
{
	archiveVersion = 1;
	classes = {
	};
	objectVersion = 56;
	objects = {

/* Begin PBXBuildFile section */
		1056A2DB3731E353C1EA5480 /* Pods_EarlySalaryiOSSDK.framework in Frameworks */ = {isa = PBXBuildFile; fileRef = A06300EEDF96877C2655B21D /* Pods_EarlySalaryiOSSDK.framework */; };
		8DC3C94F2954DC45007C9A2C /* EarlySalaryiOSSDK.h in Headers */ = {isa = PBXBuildFile; fileRef = 8DC3C94E2954DC45007C9A2C /* EarlySalaryiOSSDK.h */; settings = {ATTRIBUTES = (Public, ); }; };
		8DC3C9562954DCA2007C9A2C /* Constants.swift in Sources */ = {isa = PBXBuildFile; fileRef = 8DC3C9552954DCA2007C9A2C /* Constants.swift */; };
		8DC3C9582954DCB4007C9A2C /* EarlySalaryiOSSDK.swift in Sources */ = {isa = PBXBuildFile; fileRef = 8DC3C9572954DCB4007C9A2C /* EarlySalaryiOSSDK.swift */; };
/* End PBXBuildFile section */

/* Begin PBXFileReference section */
		2BF57C76A6E363BD3A71DD8A /* Pods-EarlySalaryiOSSDK.debug.xcconfig */ = {isa = PBXFileReference; includeInIndex = 1; lastKnownFileType = text.xcconfig; name = "Pods-EarlySalaryiOSSDK.debug.xcconfig"; path = "Target Support Files/Pods-EarlySalaryiOSSDK/Pods-EarlySalaryiOSSDK.debug.xcconfig"; sourceTree = "<group>"; };
		5652DD9CD76A140262FBD1E2 /* Pods-EarlySalaryiOSSDK.release.xcconfig */ = {isa = PBXFileReference; includeInIndex = 1; lastKnownFileType = text.xcconfig; name = "Pods-EarlySalaryiOSSDK.release.xcconfig"; path = "Target Support Files/Pods-EarlySalaryiOSSDK/Pods-EarlySalaryiOSSDK.release.xcconfig"; sourceTree = "<group>"; };
		8DC3C94B2954DC45007C9A2C /* EarlySalaryiOSSDK.framework */ = {isa = PBXFileReference; explicitFileType = wrapper.framework; includeInIndex = 0; path = EarlySalaryiOSSDK.framework; sourceTree = BUILT_PRODUCTS_DIR; };
		8DC3C94E2954DC45007C9A2C /* EarlySalaryiOSSDK.h */ = {isa = PBXFileReference; lastKnownFileType = sourcecode.c.h; path = EarlySalaryiOSSDK.h; sourceTree = "<group>"; };
		8DC3C9552954DCA2007C9A2C /* Constants.swift */ = {isa = PBXFileReference; lastKnownFileType = sourcecode.swift; path = Constants.swift; sourceTree = "<group>"; };
		8DC3C9572954DCB4007C9A2C /* EarlySalaryiOSSDK.swift */ = {isa = PBXFileReference; lastKnownFileType = sourcecode.swift; path = EarlySalaryiOSSDK.swift; sourceTree = "<group>"; };
		A06300EEDF96877C2655B21D /* Pods_EarlySalaryiOSSDK.framework */ = {isa = PBXFileReference; explicitFileType = wrapper.framework; includeInIndex = 0; path = Pods_EarlySalaryiOSSDK.framework; sourceTree = BUILT_PRODUCTS_DIR; };
/* End PBXFileReference section */

/* Begin PBXFrameworksBuildPhase section */
		8DC3C9482954DC45007C9A2C /* Frameworks */ = {
			isa = PBXFrameworksBuildPhase;
			buildActionMask = 2147483647;
			files = (
				1056A2DB3731E353C1EA5480 /* Pods_EarlySalaryiOSSDK.framework in Frameworks */,
			);
			runOnlyForDeploymentPostprocessing = 0;
		};
/* End PBXFrameworksBuildPhase section */

/* Begin PBXGroup section */
		8DC3C9412954DC45007C9A2C = {
			isa = PBXGroup;
			children = (
				8DC3C94D2954DC45007C9A2C /* EarlySalaryiOSSDK */,
				8DC3C94C2954DC45007C9A2C /* Products */,
				AFD5A13EBAF3D2C69C28CC09 /* Pods */,
				BD2DA105C4494CE890D56E15 /* Frameworks */,
			);
			sourceTree = "<group>";
		};
		8DC3C94C2954DC45007C9A2C /* Products */ = {
			isa = PBXGroup;
			children = (
				8DC3C94B2954DC45007C9A2C /* EarlySalaryiOSSDK.framework */,
			);
			name = Products;
			sourceTree = "<group>";
		};
		8DC3C94D2954DC45007C9A2C /* EarlySalaryiOSSDK */ = {
			isa = PBXGroup;
			children = (
				8DC3C94E2954DC45007C9A2C /* EarlySalaryiOSSDK.h */,
				8DC3C9552954DCA2007C9A2C /* Constants.swift */,
				8DC3C9572954DCB4007C9A2C /* EarlySalaryiOSSDK.swift */,
			);
			path = EarlySalaryiOSSDK;
			sourceTree = "<group>";
		};
		AFD5A13EBAF3D2C69C28CC09 /* Pods */ = {
			isa = PBXGroup;
			children = (
				2BF57C76A6E363BD3A71DD8A /* Pods-EarlySalaryiOSSDK.debug.xcconfig */,
				5652DD9CD76A140262FBD1E2 /* Pods-EarlySalaryiOSSDK.release.xcconfig */,
			);
			name = Pods;
			path = Pods;
			sourceTree = "<group>";
		};
		BD2DA105C4494CE890D56E15 /* Frameworks */ = {
			isa = PBXGroup;
			children = (
				A06300EEDF96877C2655B21D /* Pods_EarlySalaryiOSSDK.framework */,
			);
			name = Frameworks;
			sourceTree = "<group>";
		};
/* End PBXGroup section */

/* Begin PBXHeadersBuildPhase section */
		8DC3C9462954DC45007C9A2C /* Headers */ = {
			isa = PBXHeadersBuildPhase;
			buildActionMask = 2147483647;
			files = (
				8DC3C94F2954DC45007C9A2C /* EarlySalaryiOSSDK.h in Headers */,
			);
			runOnlyForDeploymentPostprocessing = 0;
		};
/* End PBXHeadersBuildPhase section */

/* Begin PBXNativeTarget section */
		8DC3C94A2954DC45007C9A2C /* EarlySalaryiOSSDK */ = {
			isa = PBXNativeTarget;
			buildConfigurationList = 8DC3C9522954DC45007C9A2C /* Build configuration list for PBXNativeTarget "EarlySalaryiOSSDK" */;
			buildPhases = (
				FF2145F934CAB31D1B107303 /* [CP] Check Pods Manifest.lock */,
				8DC3C9462954DC45007C9A2C /* Headers */,
				8DC3C9472954DC45007C9A2C /* Sources */,
				8DC3C9482954DC45007C9A2C /* Frameworks */,
				8DC3C9492954DC45007C9A2C /* Resources */,
			);
			buildRules = (
			);
			dependencies = (
			);
			name = EarlySalaryiOSSDK;
			productName = EarlySalaryiOSSDK;
			productReference = 8DC3C94B2954DC45007C9A2C /* EarlySalaryiOSSDK.framework */;
			productType = "com.apple.product-type.framework";
		};
/* End PBXNativeTarget section */

/* Begin PBXProject section */
		8DC3C9422954DC45007C9A2C /* Project object */ = {
			isa = PBXProject;
			attributes = {
				BuildIndependentTargetsInParallel = 1;
				LastUpgradeCheck = 1400;
				TargetAttributes = {
					8DC3C94A2954DC45007C9A2C = {
						CreatedOnToolsVersion = 14.0;
						LastSwiftMigration = 1400;
					};
				};
			};
			buildConfigurationList = 8DC3C9452954DC45007C9A2C /* Build configuration list for PBXProject "EarlySalaryiOSSDK" */;
			compatibilityVersion = "Xcode 14.0";
			developmentRegion = en;
			hasScannedForEncodings = 0;
			knownRegions = (
				en,
				Base,
			);
			mainGroup = 8DC3C9412954DC45007C9A2C;
			productRefGroup = 8DC3C94C2954DC45007C9A2C /* Products */;
			projectDirPath = "";
			projectRoot = "";
			targets = (
				8DC3C94A2954DC45007C9A2C /* EarlySalaryiOSSDK */,
			);
		};
/* End PBXProject section */

/* Begin PBXResourcesBuildPhase section */
		8DC3C9492954DC45007C9A2C /* Resources */ = {
			isa = PBXResourcesBuildPhase;
			buildActionMask = 2147483647;
			files = (
			);
			runOnlyForDeploymentPostprocessing = 0;
		};
/* End PBXResourcesBuildPhase section */

/* Begin PBXShellScriptBuildPhase section */
		FF2145F934CAB31D1B107303 /* [CP] Check Pods Manifest.lock */ = {
			isa = PBXShellScriptBuildPhase;
			buildActionMask = 2147483647;
			files = (
			);
			inputFileListPaths = (
			);
			inputPaths = (
				"${PODS_PODFILE_DIR_PATH}/Podfile.lock",
				"${PODS_ROOT}/Manifest.lock",
			);
			name = "[CP] Check Pods Manifest.lock";
			outputFileListPaths = (
			);
			outputPaths = (
				"$(DERIVED_FILE_DIR)/Pods-EarlySalaryiOSSDK-checkManifestLockResult.txt",
			);
			runOnlyForDeploymentPostprocessing = 0;
			shellPath = /bin/sh;
			shellScript = "diff \"${PODS_PODFILE_DIR_PATH}/Podfile.lock\" \"${PODS_ROOT}/Manifest.lock\" > /dev/null\nif [ $? != 0 ] ; then\n    # print error to STDERR\n    echo \"error: The sandbox is not in sync with the Podfile.lock. Run 'pod install' or update your CocoaPods installation.\" >&2\n    exit 1\nfi\n# This output is used by Xcode 'outputs' to avoid re-running this script phase.\necho \"SUCCESS\" > \"${SCRIPT_OUTPUT_FILE_0}\"\n";
			showEnvVarsInLog = 0;
		};
/* End PBXShellScriptBuildPhase section */

/* Begin PBXSourcesBuildPhase section */
		8DC3C9472954DC45007C9A2C /* Sources */ = {
			isa = PBXSourcesBuildPhase;
			buildActionMask = 2147483647;
			files = (
				8DC3C9582954DCB4007C9A2C /* EarlySalaryiOSSDK.swift in Sources */,
				8DC3C9562954DCA2007C9A2C /* Constants.swift in Sources */,
			);
			runOnlyForDeploymentPostprocessing = 0;
		};
/* End PBXSourcesBuildPhase section */

/* Begin XCBuildConfiguration section */
		8DC3C9502954DC45007C9A2C /* Debug */ = {
			isa = XCBuildConfiguration;
			buildSettings = {
				ALWAYS_SEARCH_USER_PATHS = NO;
				CLANG_ANALYZER_NONNULL = YES;
				CLANG_ANALYZER_NUMBER_OBJECT_CONVERSION = YES_AGGRESSIVE;
				CLANG_CXX_LANGUAGE_STANDARD = "gnu++20";
				CLANG_ENABLE_MODULES = YES;
				CLANG_ENABLE_OBJC_ARC = YES;
				CLANG_ENABLE_OBJC_WEAK = YES;
				CLANG_WARN_BLOCK_CAPTURE_AUTORELEASING = YES;
				CLANG_WARN_BOOL_CONVERSION = YES;
				CLANG_WARN_COMMA = YES;
				CLANG_WARN_CONSTANT_CONVERSION = YES;
				CLANG_WARN_DEPRECATED_OBJC_IMPLEMENTATIONS = YES;
				CLANG_WARN_DIRECT_OBJC_ISA_USAGE = YES_ERROR;
				CLANG_WARN_DOCUMENTATION_COMMENTS = YES;
				CLANG_WARN_EMPTY_BODY = YES;
				CLANG_WARN_ENUM_CONVERSION = YES;
				CLANG_WARN_INFINITE_RECURSION = YES;
				CLANG_WARN_INT_CONVERSION = YES;
				CLANG_WARN_NON_LITERAL_NULL_CONVERSION = YES;
				CLANG_WARN_OBJC_IMPLICIT_RETAIN_SELF = YES;
				CLANG_WARN_OBJC_LITERAL_CONVERSION = YES;
				CLANG_WARN_OBJC_ROOT_CLASS = YES_ERROR;
				CLANG_WARN_QUOTED_INCLUDE_IN_FRAMEWORK_HEADER = YES;
				CLANG_WARN_RANGE_LOOP_ANALYSIS = YES;
				CLANG_WARN_STRICT_PROTOTYPES = YES;
				CLANG_WARN_SUSPICIOUS_MOVE = YES;
				CLANG_WARN_UNGUARDED_AVAILABILITY = YES_AGGRESSIVE;
				CLANG_WARN_UNREACHABLE_CODE = YES;
				CLANG_WARN__DUPLICATE_METHOD_MATCH = YES;
				COPY_PHASE_STRIP = NO;
				CURRENT_PROJECT_VERSION = 1;
				DEBUG_INFORMATION_FORMAT = dwarf;
				ENABLE_STRICT_OBJC_MSGSEND = YES;
				ENABLE_TESTABILITY = YES;
				GCC_C_LANGUAGE_STANDARD = gnu11;
				GCC_DYNAMIC_NO_PIC = NO;
				GCC_NO_COMMON_BLOCKS = YES;
				GCC_OPTIMIZATION_LEVEL = 0;
				GCC_PREPROCESSOR_DEFINITIONS = (
					"DEBUG=1",
					"$(inherited)",
				);
				GCC_WARN_64_TO_32_BIT_CONVERSION = YES;
				GCC_WARN_ABOUT_RETURN_TYPE = YES_ERROR;
				GCC_WARN_UNDECLARED_SELECTOR = YES;
				GCC_WARN_UNINITIALIZED_AUTOS = YES_AGGRESSIVE;
				GCC_WARN_UNUSED_FUNCTION = YES;
				GCC_WARN_UNUSED_VARIABLE = YES;
				IPHONEOS_DEPLOYMENT_TARGET = 11.0;
				MTL_ENABLE_DEBUG_INFO = INCLUDE_SOURCE;
				MTL_FAST_MATH = YES;
				ONLY_ACTIVE_ARCH = YES;
				SDKROOT = iphoneos;
				SWIFT_ACTIVE_COMPILATION_CONDITIONS = DEBUG;
				SWIFT_OPTIMIZATION_LEVEL = "-Onone";
				VERSIONING_SYSTEM = "apple-generic";
				VERSION_INFO_PREFIX = "";
			};
			name = Debug;
		};
		8DC3C9512954DC45007C9A2C /* Release */ = {
			isa = XCBuildConfiguration;
			buildSettings = {
				ALWAYS_SEARCH_USER_PATHS = NO;
				CLANG_ANALYZER_NONNULL = YES;
				CLANG_ANALYZER_NUMBER_OBJECT_CONVERSION = YES_AGGRESSIVE;
				CLANG_CXX_LANGUAGE_STANDARD = "gnu++20";
				CLANG_ENABLE_MODULES = YES;
				CLANG_ENABLE_OBJC_ARC = YES;
				CLANG_ENABLE_OBJC_WEAK = YES;
				CLANG_WARN_BLOCK_CAPTURE_AUTORELEASING = YES;
				CLANG_WARN_BOOL_CONVERSION = YES;
				CLANG_WARN_COMMA = YES;
				CLANG_WARN_CONSTANT_CONVERSION = YES;
				CLANG_WARN_DEPRECATED_OBJC_IMPLEMENTATIONS = YES;
				CLANG_WARN_DIRECT_OBJC_ISA_USAGE = YES_ERROR;
				CLANG_WARN_DOCUMENTATION_COMMENTS = YES;
				CLANG_WARN_EMPTY_BODY = YES;
				CLANG_WARN_ENUM_CONVERSION = YES;
				CLANG_WARN_INFINITE_RECURSION = YES;
				CLANG_WARN_INT_CONVERSION = YES;
				CLANG_WARN_NON_LITERAL_NULL_CONVERSION = YES;
				CLANG_WARN_OBJC_IMPLICIT_RETAIN_SELF = YES;
				CLANG_WARN_OBJC_LITERAL_CONVERSION = YES;
				CLANG_WARN_OBJC_ROOT_CLASS = YES_ERROR;
				CLANG_WARN_QUOTED_INCLUDE_IN_FRAMEWORK_HEADER = YES;
				CLANG_WARN_RANGE_LOOP_ANALYSIS = YES;
				CLANG_WARN_STRICT_PROTOTYPES = YES;
				CLANG_WARN_SUSPICIOUS_MOVE = YES;
				CLANG_WARN_UNGUARDED_AVAILABILITY = YES_AGGRESSIVE;
				CLANG_WARN_UNREACHABLE_CODE = YES;
				CLANG_WARN__DUPLICATE_METHOD_MATCH = YES;
				COPY_PHASE_STRIP = NO;
				CURRENT_PROJECT_VERSION = 1;
				DEBUG_INFORMATION_FORMAT = "dwarf-with-dsym";
				ENABLE_NS_ASSERTIONS = NO;
				ENABLE_STRICT_OBJC_MSGSEND = YES;
				GCC_C_LANGUAGE_STANDARD = gnu11;
				GCC_NO_COMMON_BLOCKS = YES;
				GCC_WARN_64_TO_32_BIT_CONVERSION = YES;
				GCC_WARN_ABOUT_RETURN_TYPE = YES_ERROR;
				GCC_WARN_UNDECLARED_SELECTOR = YES;
				GCC_WARN_UNINITIALIZED_AUTOS = YES_AGGRESSIVE;
				GCC_WARN_UNUSED_FUNCTION = YES;
				GCC_WARN_UNUSED_VARIABLE = YES;
				IPHONEOS_DEPLOYMENT_TARGET = 11.0;
				MTL_ENABLE_DEBUG_INFO = NO;
				MTL_FAST_MATH = YES;
				SDKROOT = iphoneos;
				SWIFT_COMPILATION_MODE = wholemodule;
				SWIFT_OPTIMIZATION_LEVEL = "-O";
				VALIDATE_PRODUCT = YES;
				VERSIONING_SYSTEM = "apple-generic";
				VERSION_INFO_PREFIX = "";
			};
			name = Release;
		};
		8DC3C9532954DC45007C9A2C /* Debug */ = {
			isa = XCBuildConfiguration;
			baseConfigurationReference = 2BF57C76A6E363BD3A71DD8A /* Pods-EarlySalaryiOSSDK.debug.xcconfig */;
			buildSettings = {
				CLANG_ENABLE_MODULES = YES;
				CODE_SIGN_STYLE = Automatic;
				CURRENT_PROJECT_VERSION = 1;
				DEFINES_MODULE = YES;
				DEVELOPMENT_TEAM = D6JC9BY9C7;
				DYLIB_COMPATIBILITY_VERSION = 1;
				DYLIB_CURRENT_VERSION = 1;
				DYLIB_INSTALL_NAME_BASE = "@rpath";
				GENERATE_INFOPLIST_FILE = YES;
				INFOPLIST_KEY_NSHumanReadableCopyright = "";
				INSTALL_PATH = "$(LOCAL_LIBRARY_DIR)/Frameworks";
				LD_RUNPATH_SEARCH_PATHS = (
					"$(inherited)",
					"@executable_path/Frameworks",
					"@loader_path/Frameworks",
				);
				MARKETING_VERSION = 1.0;
				PRODUCT_BUNDLE_IDENTIFIER = com.EarlySalaryiOSSDK;
				PRODUCT_NAME = "$(TARGET_NAME:c99extidentifier)";
				SKIP_INSTALL = YES;
				SWIFT_EMIT_LOC_STRINGS = YES;
				SWIFT_OPTIMIZATION_LEVEL = "-Onone";
				SWIFT_VERSION = 5.0;
				TARGETED_DEVICE_FAMILY = "1,2";
			};
			name = Debug;
		};
		8DC3C9542954DC45007C9A2C /* Release */ = {
			isa = XCBuildConfiguration;
			baseConfigurationReference = 5652DD9CD76A140262FBD1E2 /* Pods-EarlySalaryiOSSDK.release.xcconfig */;
			buildSettings = {
				CLANG_ENABLE_MODULES = YES;
				CODE_SIGN_STYLE = Automatic;
				CURRENT_PROJECT_VERSION = 1;
				DEFINES_MODULE = YES;
				DEVELOPMENT_TEAM = D6JC9BY9C7;
				DYLIB_COMPATIBILITY_VERSION = 1;
				DYLIB_CURRENT_VERSION = 1;
				DYLIB_INSTALL_NAME_BASE = "@rpath";
				GENERATE_INFOPLIST_FILE = YES;
				INFOPLIST_KEY_NSHumanReadableCopyright = "";
				INSTALL_PATH = "$(LOCAL_LIBRARY_DIR)/Frameworks";
				LD_RUNPATH_SEARCH_PATHS = (
					"$(inherited)",
					"@executable_path/Frameworks",
					"@loader_path/Frameworks",
				);
				MARKETING_VERSION = 1.0;
				PRODUCT_BUNDLE_IDENTIFIER = com.EarlySalaryiOSSDK;
				PRODUCT_NAME = "$(TARGET_NAME:c99extidentifier)";
				SKIP_INSTALL = YES;
				SWIFT_EMIT_LOC_STRINGS = YES;
				SWIFT_VERSION = 5.0;
				TARGETED_DEVICE_FAMILY = "1,2";
			};
			name = Release;
		};
/* End XCBuildConfiguration section */

/* Begin XCConfigurationList section */
		8DC3C9452954DC45007C9A2C /* Build configuration list for PBXProject "EarlySalaryiOSSDK" */ = {
			isa = XCConfigurationList;
			buildConfigurations = (
				8DC3C9502954DC45007C9A2C /* Debug */,
				8DC3C9512954DC45007C9A2C /* Release */,
			);
			defaultConfigurationIsVisible = 0;
			defaultConfigurationName = Release;
		};
		8DC3C9522954DC45007C9A2C /* Build configuration list for PBXNativeTarget "EarlySalaryiOSSDK" */ = {
			isa = XCConfigurationList;
			buildConfigurations = (
				8DC3C9532954DC45007C9A2C /* Debug */,
				8DC3C9542954DC45007C9A2C /* Release */,
			);
			defaultConfigurationIsVisible = 0;
			defaultConfigurationName = Release;
		};
/* End XCConfigurationList section */
	};
	rootObject = 8DC3C9422954DC45007C9A2C /* Project object */;
}
